<?xml version="1.0" encoding="utf-8"?>
<Project ToolsVersion="4.0" xmlns="http://schemas.microsoft.com/developer/msbuild/2003">
  <ItemGroup>
    <Filter Include="Source Files">
      <UniqueIdentifier>{4FC737F1-C7A5-4376-A066-2A32D752A2FF}</UniqueIdentifier>
      <Extensions>cpp;c;cc;cxx;def;odl;idl;hpj;bat;asm;asmx</Extensions>
    </Filter>
    <Filter Include="Header Files">
      <UniqueIdentifier>{93995380-89BD-4b04-88EB-625FBE52EBFB}</UniqueIdentifier>
      <Extensions>h;hh;hpp;hxx;hm;inl;inc;xsd</Extensions>
    </Filter>
    <Filter Include="Resource Files">
      <UniqueIdentifier>{67DA6AB6-F800-4c08-8B7A-83BB121AAD01}</UniqueIdentifier>
      <Extensions>rc;ico;cur;bmp;dlg;rc2;rct;bin;rgs;gif;jpg;jpeg;jpe;resx;tiff;tif;png;wav;mfcribbon-ms</Extensions>
    </Filter>
    <Filter Include="Source Files\AcInfo">
      <UniqueIdentifier>{f41e4342-aee1-4696-afd5-33c6976d0853}</UniqueIdentifier>
    </Filter>
    <Filter Include="Source Files\Util">
      <UniqueIdentifier>{473db3b0-9ea1-4614-be33-842553dbf357}</UniqueIdentifier>
    </Filter>
    <Filter Include="Source Files\RoomInfo">
      <UniqueIdentifier>{27c22da5-f7d8-47b5-a293-3d11d0978eee}</UniqueIdentifier>
    </Filter>
    <Filter Include="Source Files\DatabaseManagement">
      <UniqueIdentifier>{ef78ccc1-05ea-4577-8ce3-7204007a5a08}</UniqueIdentifier>
    </Filter>
  </ItemGroup>
  <ItemGroup>
    <Text Include="ReadMe.txt" />
  </ItemGroup>
  <ItemGroup>
    <ClInclude Include="stdafx.h">
      <Filter>Header Files</Filter>
    </ClInclude>
    <ClInclude Include="targetver.h">
      <Filter>Header Files</Filter>
    </ClInclude>
    <ClInclude Include="Resource.h">
      <Filter>Header Files</Filter>
    </ClInclude>
    <ClInclude Include="RegisterDlg.h">
      <Filter>Header Files</Filter>
    </ClInclude>
    <ClInclude Include="Util.h">
      <Filter>Source Files\Util</Filter>
    </ClInclude>
    <ClInclude Include="AcInfo.h">
      <Filter>Source Files\AcInfo</Filter>
    </ClInclude>
    <ClInclude Include="StoragePathDlg.h">
      <Filter>Header Files</Filter>
    </ClInclude>
    <ClInclude Include="HOTELManagement.h">
      <Filter>Header Files</Filter>
    </ClInclude>
    <ClInclude Include="HOTELManagementDlg.h">
      <Filter>Header Files</Filter>
    </ClInclude>
    <ClInclude Include="RoomInfo.h">
      <Filter>Source Files\RoomInfo</Filter>
    </ClInclude>
    <ClInclude Include="DatabaseAppication.h">
      <Filter>Source Files\DatabaseManagement</Filter>
    </ClInclude>
    <ClInclude Include="ListRoomsInformationDlg.h">
      <Filter>Header Files</Filter>
    </ClInclude>
    <ClInclude Include="SpecificRoomInformationDlg.h">
      <Filter>Header Files</Filter>
    </ClInclude>
  </ItemGroup>
  <ItemGroup>
    <ClCompile Include="stdafx.cpp">
      <Filter>Source Files</Filter>
    </ClCompile>
    <ClCompile Include="RegisterDlg.cpp">
      <Filter>Source Files</Filter>
    </ClCompile>
    <ClCompile Include="Util.cpp">
      <Filter>Source Files\Util</Filter>
    </ClCompile>
    <ClCompile Include="AcInfo.cpp">
      <Filter>Source Files\AcInfo</Filter>
    </ClCompile>
    <ClCompile Include="StoragePathDlg.cpp">
      <Filter>Source Files</Filter>
    </ClCompile>
    <ClCompile Include="HOTELManagementDlg.cpp">
      <Filter>Source Files</Filter>
    </ClCompile>
    <ClCompile Include="HOTELManagement.cpp">
      <Filter>Source Files</Filter>
    </ClCompile>
    <ClCompile Include="DatabaseAppication.cpp">
      <Filter>Source Files\DatabaseManagement</Filter>
    </ClCompile>
    <ClCompile Include="RoomInfo.cpp">
      <Filter>Source Files\RoomInfo</Filter>
    </ClCompile>
    <ClCompile Include="ListRoomsInformationDlg.cpp">
      <Filter>Source Files</Filter>
    </ClCompile>
    <ClCompile Include="SpecificRoomInformationDlg.cpp">
      <Filter>Source Files</Filter>
    </ClCompile>
  </ItemGroup>
  <ItemGroup>
    <Image Include="res\HOTELManagement.ico">
      <Filter>Resource Files</Filter>
    </Image>
  </ItemGroup>
  <ItemGroup>
    <ResourceCompile Include="HOTELManagement.rc">
      <Filter>Resource Files</Filter>
    </ResourceCompile>
  </ItemGroup>
  <ItemGroup>
    <None Include="res\HOTELManagement.rc2">
      <Filter>Resource Files</Filter>
    </None>
    <None Include="ClassDiagram.cd" />
  </ItemGroup>
</Project>